
Microsoft Visual Studio Solution File, Format Version 12.00
# Visual Studio 15
VisualStudioVersion = 15.0.28010.2050
MinimumVisualStudioVersion = 10.0.40219.1
Project("{FAE04EC0-301F-11D3-BF4B-00C04F79EFBC}") = "Structures", "Structures.csproj", "{F8266A40-E8C4-4887-95E6-D4D06E9CA440}"
EndProject
Project("{FAE04EC0-301F-11D3-BF4B-00C04F79EFBC}") = "Ironstone Core", "..\ironstone-core\Ironstone Core\Ironstone Core.csproj", "{A3BFA507-A2C4-4C33-943B-6083133EE63C}"
EndProject
Project("{FAE04EC0-301F-11D3-BF4B-00C04F79EFBC}") = "Ironstone Core UI", "..\ironstone-core\Ironstone Core UI\Ironstone Core UI.csproj", "{AC79C0AE-544A-4CB5-8FB7-665754BDEA9F}"
EndProject
Project("{FAE04EC0-301F-11D3-BF4B-00C04F79EFBC}") = "Structures Objectmodel", "..\ironstone-object-model\Structures\Structures Objectmodel.csproj", "{ADA84B10-90AB-4AD2-9F7C-FDFD362AC7CA}"
EndProject
Project("{9A19103F-16F7-4668-BE54-9A1E7A4F7556}") = "Common", "..\..\common-code\Common.Code\Common.csproj", "{88146D0C-C7C3-49D9-9E93-A294DFD5C062}"
EndProject
Global
	GlobalSection(SolutionConfigurationPlatforms) = preSolution
		Debug (Acad)|Any CPU = Debug (Acad)|Any CPU
		Debug (Acad)|x64 = Debug (Acad)|x64
		Debug|Any CPU = Debug|Any CPU
		Debug|x64 = Debug|x64
		Release|Any CPU = Release|Any CPU
		Release|x64 = Release|x64
	EndGlobalSection
	GlobalSection(ProjectConfigurationPlatforms) = postSolution
		{F8266A40-E8C4-4887-95E6-D4D06E9CA440}.Debug (Acad)|Any CPU.ActiveCfg = Debug|Any CPU
		{F8266A40-E8C4-4887-95E6-D4D06E9CA440}.Debug (Acad)|Any CPU.Build.0 = Debug|Any CPU
		{F8266A40-E8C4-4887-95E6-D4D06E9CA440}.Debug (Acad)|x64.ActiveCfg = Debug|x64
		{F8266A40-E8C4-4887-95E6-D4D06E9CA440}.Debug (Acad)|x64.Build.0 = Debug|x64
		{F8266A40-E8C4-4887-95E6-D4D06E9CA440}.Debug|Any CPU.ActiveCfg = Debug|Any CPU
		{F8266A40-E8C4-4887-95E6-D4D06E9CA440}.Debug|Any CPU.Build.0 = Debug|Any CPU
		{F8266A40-E8C4-4887-95E6-D4D06E9CA440}.Debug|x64.ActiveCfg = Debug|x64
		{F8266A40-E8C4-4887-95E6-D4D06E9CA440}.Debug|x64.Build.0 = Debug|x64
		{F8266A40-E8C4-4887-95E6-D4D06E9CA440}.Release|Any CPU.ActiveCfg = Release|Any CPU
		{F8266A40-E8C4-4887-95E6-D4D06E9CA440}.Release|Any CPU.Build.0 = Release|Any CPU
		{F8266A40-E8C4-4887-95E6-D4D06E9CA440}.Release|x64.ActiveCfg = Release|x64
		{F8266A40-E8C4-4887-95E6-D4D06E9CA440}.Release|x64.Build.0 = Release|x64
		{A3BFA507-A2C4-4C33-943B-6083133EE63C}.Debug (Acad)|Any CPU.ActiveCfg = Release|x64
		{A3BFA507-A2C4-4C33-943B-6083133EE63C}.Debug (Acad)|Any CPU.Build.0 = Release|x64
		{A3BFA507-A2C4-4C33-943B-6083133EE63C}.Debug (Acad)|x64.ActiveCfg = Debug|x64
		{A3BFA507-A2C4-4C33-943B-6083133EE63C}.Debug (Acad)|x64.Build.0 = Debug|x64
		{A3BFA507-A2C4-4C33-943B-6083133EE63C}.Debug|Any CPU.ActiveCfg = Debug|x64
		{A3BFA507-A2C4-4C33-943B-6083133EE63C}.Debug|x64.ActiveCfg = Debug|x64
		{A3BFA507-A2C4-4C33-943B-6083133EE63C}.Debug|x64.Build.0 = Debug|x64
		{A3BFA507-A2C4-4C33-943B-6083133EE63C}.Release|Any CPU.ActiveCfg = Release|x64
		{A3BFA507-A2C4-4C33-943B-6083133EE63C}.Release|x64.ActiveCfg = Release|x64
		{A3BFA507-A2C4-4C33-943B-6083133EE63C}.Release|x64.Build.0 = Release|x64
		{AC79C0AE-544A-4CB5-8FB7-665754BDEA9F}.Debug (Acad)|Any CPU.ActiveCfg = Release|x64
		{AC79C0AE-544A-4CB5-8FB7-665754BDEA9F}.Debug (Acad)|Any CPU.Build.0 = Release|x64
		{AC79C0AE-544A-4CB5-8FB7-665754BDEA9F}.Debug (Acad)|x64.ActiveCfg = Debug|x64
		{AC79C0AE-544A-4CB5-8FB7-665754BDEA9F}.Debug (Acad)|x64.Build.0 = Debug|x64
		{AC79C0AE-544A-4CB5-8FB7-665754BDEA9F}.Debug|Any CPU.ActiveCfg = Debug|x64
		{AC79C0AE-544A-4CB5-8FB7-665754BDEA9F}.Debug|x64.ActiveCfg = Debug|x64
		{AC79C0AE-544A-4CB5-8FB7-665754BDEA9F}.Debug|x64.Build.0 = Debug|x64
		{AC79C0AE-544A-4CB5-8FB7-665754BDEA9F}.Release|Any CPU.ActiveCfg = Release|x64
		{AC79C0AE-544A-4CB5-8FB7-665754BDEA9F}.Release|x64.ActiveCfg = Release|x64
		{AC79C0AE-544A-4CB5-8FB7-665754BDEA9F}.Release|x64.Build.0 = Release|x64
		{ADA84B10-90AB-4AD2-9F7C-FDFD362AC7CA}.Debug (Acad)|Any CPU.ActiveCfg = Debug (Acad)|Any CPU
		{ADA84B10-90AB-4AD2-9F7C-FDFD362AC7CA}.Debug (Acad)|Any CPU.Build.0 = Debug (Acad)|Any CPU
		{ADA84B10-90AB-4AD2-9F7C-FDFD362AC7CA}.Debug (Acad)|x64.ActiveCfg = Debug (Acad)|x64
		{ADA84B10-90AB-4AD2-9F7C-FDFD362AC7CA}.Debug (Acad)|x64.Build.0 = Debug (Acad)|x64
		{ADA84B10-90AB-4AD2-9F7C-FDFD362AC7CA}.Debug|Any CPU.ActiveCfg = Debug|Any CPU
		{ADA84B10-90AB-4AD2-9F7C-FDFD362AC7CA}.Debug|Any CPU.Build.0 = Debug|Any CPU
		{ADA84B10-90AB-4AD2-9F7C-FDFD362AC7CA}.Debug|x64.ActiveCfg = Debug|x64
		{ADA84B10-90AB-4AD2-9F7C-FDFD362AC7CA}.Debug|x64.Build.0 = Debug|x64
		{ADA84B10-90AB-4AD2-9F7C-FDFD362AC7CA}.Release|Any CPU.ActiveCfg = Release|Any CPU
		{ADA84B10-90AB-4AD2-9F7C-FDFD362AC7CA}.Release|Any CPU.Build.0 = Release|Any CPU
		{ADA84B10-90AB-4AD2-9F7C-FDFD362AC7CA}.Release|x64.ActiveCfg = Release|x64
		{ADA84B10-90AB-4AD2-9F7C-FDFD362AC7CA}.Release|x64.Build.0 = Release|x64
		{88146D0C-C7C3-49D9-9E93-A294DFD5C062}.Debug (Acad)|Any CPU.ActiveCfg = Debug|Any CPU
		{88146D0C-C7C3-49D9-9E93-A294DFD5C062}.Debug (Acad)|Any CPU.Build.0 = Debug|Any CPU
		{88146D0C-C7C3-49D9-9E93-A294DFD5C062}.Debug (Acad)|x64.ActiveCfg = Debug|Any CPU
		{88146D0C-C7C3-49D9-9E93-A294DFD5C062}.Debug (Acad)|x64.Build.0 = Debug|Any CPU
		{88146D0C-C7C3-49D9-9E93-A294DFD5C062}.Debug|Any CPU.ActiveCfg = Debug|Any CPU
		{88146D0C-C7C3-49D9-9E93-A294DFD5C062}.Debug|Any CPU.Build.0 = Debug|Any CPU
		{88146D0C-C7C3-49D9-9E93-A294DFD5C062}.Debug|x64.ActiveCfg = Debug|Any CPU
		{88146D0C-C7C3-49D9-9E93-A294DFD5C062}.Debug|x64.Build.0 = Debug|Any CPU
		{88146D0C-C7C3-49D9-9E93-A294DFD5C062}.Release|Any CPU.ActiveCfg = Release|Any CPU
		{88146D0C-C7C3-49D9-9E93-A294DFD5C062}.Release|Any CPU.Build.0 = Release|Any CPU
		{88146D0C-C7C3-49D9-9E93-A294DFD5C062}.Release|x64.ActiveCfg = Release|Any CPU
		{88146D0C-C7C3-49D9-9E93-A294DFD5C062}.Release|x64.Build.0 = Release|Any CPU
	EndGlobalSection
	GlobalSection(SolutionProperties) = preSolution
		HideSolutionNode = FALSE
	EndGlobalSection
	GlobalSection(ExtensibilityGlobals) = postSolution
		SolutionGuid = {289B8DBE-FCAE-4BB0-910D-ED41F508A86F}
	EndGlobalSection
EndGlobal
